
Microsoft Visual Studio Solution File, Format Version 12.00
# Visual Studio Version 17
VisualStudioVersion = 17.4.33205.214
MinimumVisualStudioVersion = 10.0.40219.1
Project("{FAE04EC0-301F-11D3-BF4B-00C04F79EFBC}") = "HayvanlarAlemi", "HayvanlarAlemi\HayvanlarAlemi.csproj", "{4742806E-8CEE-43CF-BE48-4C6EE317BA99}"
EndProject
Global
	GlobalSection(SolutionConfigurationPlatforms) = preSolution
		Debug|Any CPU = Debug|Any CPU
		Release|Any CPU = Release|Any CPU
	EndGlobalSection
	GlobalSection(ProjectConfigurationPlatforms) = postSolution
		{4742806E-8CEE-43CF-BE48-4C6EE317BA99}.Debug|Any CPU.ActiveCfg = Debug|Any CPU
		{4742806E-8CEE-43CF-BE48-4C6EE317BA99}.Debug|Any CPU.Build.0 = Debug|Any CPU
		{4742806E-8CEE-43CF-BE48-4C6EE317BA99}.Release|Any CPU.ActiveCfg = Release|Any CPU
		{4742806E-8CEE-43CF-BE48-4C6EE317BA99}.Release|Any CPU.Build.0 = Release|Any CPU
	EndGlobalSection
	GlobalSection(SolutionProperties) = preSolution
		HideSolutionNode = FALSE
	EndGlobalSection
	GlobalSection(ExtensibilityGlobals) = postSolution
		SolutionGuid = {A87EA117-9FDE-4827-A684-0D798A4B4BBD}
	EndGlobalSection
EndGlobal
